
Microsoft Visual Studio Solution File, Format Version 12.00
Project("{FAE04EC0-301F-11D3-BF4B-00C04F79EFBC}") = "RattlingAlgorithms", "RattlingAlgorithms\RattlingAlgorithms.csproj", "{6481AEB8-78EC-49EB-9603-4EBAEBE9869B}"
EndProject
Project("{FAE04EC0-301F-11D3-BF4B-00C04F79EFBC}") = "RattlingAlgorithmsTests", "RattlingAlgorithmsTests\RattlingAlgorithmsTests.csproj", "{2653075C-8E61-48B6-84AF-450F34216AA0}"
EndProject
Global
	GlobalSection(SolutionConfigurationPlatforms) = preSolution
		Debug|Any CPU = Debug|Any CPU
		Release|Any CPU = Release|Any CPU
	EndGlobalSection
	GlobalSection(ProjectConfigurationPlatforms) = postSolution
		{6481AEB8-78EC-49EB-9603-4EBAEBE9869B}.Debug|Any CPU.ActiveCfg = Debug|Any CPU
		{6481AEB8-78EC-49EB-9603-4EBAEBE9869B}.Debug|Any CPU.Build.0 = Debug|Any CPU
		{6481AEB8-78EC-49EB-9603-4EBAEBE9869B}.Release|Any CPU.ActiveCfg = Release|Any CPU
		{6481AEB8-78EC-49EB-9603-4EBAEBE9869B}.Release|Any CPU.Build.0 = Release|Any CPU
		{2653075C-8E61-48B6-84AF-450F34216AA0}.Debug|Any CPU.ActiveCfg = Debug|Any CPU
		{2653075C-8E61-48B6-84AF-450F34216AA0}.Debug|Any CPU.Build.0 = Debug|Any CPU
		{2653075C-8E61-48B6-84AF-450F34216AA0}.Release|Any CPU.ActiveCfg = Release|Any CPU
		{2653075C-8E61-48B6-84AF-450F34216AA0}.Release|Any CPU.Build.0 = Release|Any CPU
	EndGlobalSection
EndGlobal
